Microsoft Visual Studio Solution File, Format Version 12.00
# Visual Studio 15
VisualStudioVersion = 15.0.27004.2005
MinimumVisualStudioVersion = 15.0.26124.0
Project("{9A19103F-16F7-4668-BE54-9A1E7A4F7556}") = "YnabCsvConverter.ConsoleHost", "src\YnabCsvConverter.ConsoleHost\YnabCsvConverter.ConsoleHost.csproj", "{DB2ABC23-640D-4902-B58D-7124CD42628E}"
EndProject
Project("{9A19103F-16F7-4668-BE54-9A1E7A4F7556}") = "YnabCsvConverter.Interface", "src\YnabCsvConverter.Interface\YnabCsvConverter.Interface.csproj", "{ADB56EB7-F348-4A1B-B0F5-DD410A317613}"
EndProject
Project("{9A19103F-16F7-4668-BE54-9A1E7A4F7556}") = "YnabCsvConverter.Converter.DKB", "src\YnabCsvConverter.Converter.DKB\YnabCsvConverter.Converter.DKB.csproj", "{86D0C552-4D5B-4944-BBFA-760711CDED98}"
EndProject
Project("{9A19103F-16F7-4668-BE54-9A1E7A4F7556}") = "YnabCsvConverter.Converter.Test", "test\YnabCsvConverter.Converter.DKB.Test\YnabCsvConverter.Converter.Test.csproj", "{3B8FAF6F-3E3F-4B13-90A7-C2B91D44D9E3}"
EndProject
Project("{9A19103F-16F7-4668-BE54-9A1E7A4F7556}") = "YnabCsvConverter.Interface.Test", "test\YnabCsvConverter.Interface.Test\YnabCsvConverter.Interface.Test.csproj", "{344F3B86-2633-45C7-B848-0ED1F5121841}"
EndProject
Project("{9A19103F-16F7-4668-BE54-9A1E7A4F7556}") = "Benchmark", "test\Benchmark\Benchmark.csproj", "{BB92FB6E-96D6-4DEB-865E-7BD3753631F7}"
EndProject
Project("{9A19103F-16F7-4668-BE54-9A1E7A4F7556}") = "YnabCsvConverter.Converter.Hypovereinsbank", "src\YnabCsvConverter.Converter.Hypovereinsbank\YnabCsvConverter.Converter.Hypovereinsbank.csproj", "{1BE02A07-F064-4A11-8D35-22F57B3CE4D7}"
EndProject
Project("{2150E333-8FDC-42A3-9474-1A3956D46DE8}") = "00_Converter", "00_Converter", "{A5E20526-05EB-48DF-881D-D73561409ED1}"
EndProject
Project("{2150E333-8FDC-42A3-9474-1A3956D46DE8}") = "03_Test", "03_Test", "{6C743BB2-87D9-4E3B-9F65-AEE3247C4979}"
EndProject
Project("{2150E333-8FDC-42A3-9474-1A3956D46DE8}") = "01_Core", "01_Core", "{E3577135-9A2F-421E-A2F7-70C1C37F5A85}"
EndProject
Project("{2150E333-8FDC-42A3-9474-1A3956D46DE8}") = "02_Client", "02_Client", "{D9458B12-9702-40BF-94AE-9A6317D9855A}"
EndProject
Project("{FAE04EC0-301F-11D3-BF4B-00C04F79EFBC}") = "YnabCsvConverter.BusinessLogic", "src\YnabCsvConverter.BusinessLogic\YnabCsvConverter.BusinessLogic.csproj", "{D2B99DA2-D444-438E-8867-1589F4BCA4D1}"
EndProject
Global
	GlobalSection(SolutionConfigurationPlatforms) = preSolution
		Debug|Any CPU = Debug|Any CPU
		Debug|x64 = Debug|x64
		Debug|x86 = Debug|x86
		Release|Any CPU = Release|Any CPU
		Release|x64 = Release|x64
		Release|x86 = Release|x86
	EndGlobalSection
	GlobalSection(ProjectConfigurationPlatforms) = postSolution
		{DB2ABC23-640D-4902-B58D-7124CD42628E}.Debug|Any CPU.ActiveCfg = Debug|Any CPU
		{DB2ABC23-640D-4902-B58D-7124CD42628E}.Debug|Any CPU.Build.0 = Debug|Any CPU
		{DB2ABC23-640D-4902-B58D-7124CD42628E}.Debug|x64.ActiveCfg = Debug|Any CPU
		{DB2ABC23-640D-4902-B58D-7124CD42628E}.Debug|x64.Build.0 = Debug|Any CPU
		{DB2ABC23-640D-4902-B58D-7124CD42628E}.Debug|x86.ActiveCfg = Debug|Any CPU
		{DB2ABC23-640D-4902-B58D-7124CD42628E}.Debug|x86.Build.0 = Debug|Any CPU
		{DB2ABC23-640D-4902-B58D-7124CD42628E}.Release|Any CPU.ActiveCfg = Release|Any CPU
		{DB2ABC23-640D-4902-B58D-7124CD42628E}.Release|Any CPU.Build.0 = Release|Any CPU
		{DB2ABC23-640D-4902-B58D-7124CD42628E}.Release|x64.ActiveCfg = Release|Any CPU
		{DB2ABC23-640D-4902-B58D-7124CD42628E}.Release|x64.Build.0 = Release|Any CPU
		{DB2ABC23-640D-4902-B58D-7124CD42628E}.Release|x86.ActiveCfg = Release|Any CPU
		{DB2ABC23-640D-4902-B58D-7124CD42628E}.Release|x86.Build.0 = Release|Any CPU
		{ADB56EB7-F348-4A1B-B0F5-DD410A317613}.Debug|Any CPU.ActiveCfg = Debug|Any CPU
		{ADB56EB7-F348-4A1B-B0F5-DD410A317613}.Debug|Any CPU.Build.0 = Debug|Any CPU
		{ADB56EB7-F348-4A1B-B0F5-DD410A317613}.Debug|x64.ActiveCfg = Debug|Any CPU
		{ADB56EB7-F348-4A1B-B0F5-DD410A317613}.Debug|x64.Build.0 = Debug|Any CPU
		{ADB56EB7-F348-4A1B-B0F5-DD410A317613}.Debug|x86.ActiveCfg = Debug|Any CPU
		{ADB56EB7-F348-4A1B-B0F5-DD410A317613}.Debug|x86.Build.0 = Debug|Any CPU
		{ADB56EB7-F348-4A1B-B0F5-DD410A317613}.Release|Any CPU.ActiveCfg = Release|Any CPU
		{ADB56EB7-F348-4A1B-B0F5-DD410A317613}.Release|Any CPU.Build.0 = Release|Any CPU
		{ADB56EB7-F348-4A1B-B0F5-DD410A317613}.Release|x64.ActiveCfg = Release|Any CPU
		{ADB56EB7-F348-4A1B-B0F5-DD410A317613}.Release|x64.Build.0 = Release|Any CPU
		{ADB56EB7-F348-4A1B-B0F5-DD410A317613}.Release|x86.ActiveCfg = Release|Any CPU
		{ADB56EB7-F348-4A1B-B0F5-DD410A317613}.Release|x86.Build.0 = Release|Any CPU
		{86D0C552-4D5B-4944-BBFA-760711CDED98}.Debug|Any CPU.ActiveCfg = Debug|Any CPU
		{86D0C552-4D5B-4944-BBFA-760711CDED98}.Debug|Any CPU.Build.0 = Debug|Any CPU
		{86D0C552-4D5B-4944-BBFA-760711CDED98}.Debug|x64.ActiveCfg = Debug|Any CPU
		{86D0C552-4D5B-4944-BBFA-760711CDED98}.Debug|x64.Build.0 = Debug|Any CPU
		{86D0C552-4D5B-4944-BBFA-760711CDED98}.Debug|x86.ActiveCfg = Debug|Any CPU
		{86D0C552-4D5B-4944-BBFA-760711CDED98}.Debug|x86.Build.0 = Debug|Any CPU
		{86D0C552-4D5B-4944-BBFA-760711CDED98}.Release|Any CPU.ActiveCfg = Release|Any CPU
		{86D0C552-4D5B-4944-BBFA-760711CDED98}.Release|Any CPU.Build.0 = Release|Any CPU
		{86D0C552-4D5B-4944-BBFA-760711CDED98}.Release|x64.ActiveCfg = Release|Any CPU
		{86D0C552-4D5B-4944-BBFA-760711CDED98}.Release|x64.Build.0 = Release|Any CPU
		{86D0C552-4D5B-4944-BBFA-760711CDED98}.Release|x86.ActiveCfg = Release|Any CPU
		{86D0C552-4D5B-4944-BBFA-760711CDED98}.Release|x86.Build.0 = Release|Any CPU
		{3B8FAF6F-3E3F-4B13-90A7-C2B91D44D9E3}.Debug|Any CPU.ActiveCfg = Debug|Any CPU
		{3B8FAF6F-3E3F-4B13-90A7-C2B91D44D9E3}.Debug|Any CPU.Build.0 = Debug|Any CPU
		{3B8FAF6F-3E3F-4B13-90A7-C2B91D44D9E3}.Debug|x64.ActiveCfg = Debug|Any CPU
		{3B8FAF6F-3E3F-4B13-90A7-C2B91D44D9E3}.Debug|x64.Build.0 = Debug|Any CPU
		{3B8FAF6F-3E3F-4B13-90A7-C2B91D44D9E3}.Debug|x86.ActiveCfg = Debug|Any CPU
		{3B8FAF6F-3E3F-4B13-90A7-C2B91D44D9E3}.Debug|x86.Build.0 = Debug|Any CPU
		{3B8FAF6F-3E3F-4B13-90A7-C2B91D44D9E3}.Release|Any CPU.ActiveCfg = Release|Any CPU
		{3B8FAF6F-3E3F-4B13-90A7-C2B91D44D9E3}.Release|Any CPU.Build.0 = Release|Any CPU
		{3B8FAF6F-3E3F-4B13-90A7-C2B91D44D9E3}.Release|x64.ActiveCfg = Release|Any CPU
		{3B8FAF6F-3E3F-4B13-90A7-C2B91D44D9E3}.Release|x64.Build.0 = Release|Any CPU
		{3B8FAF6F-3E3F-4B13-90A7-C2B91D44D9E3}.Release|x86.ActiveCfg = Release|Any CPU
		{3B8FAF6F-3E3F-4B13-90A7-C2B91D44D9E3}.Release|x86.Build.0 = Release|Any CPU
		{344F3B86-2633-45C7-B848-0ED1F5121841}.Debug|Any CPU.ActiveCfg = Debug|Any CPU
		{344F3B86-2633-45C7-B848-0ED1F5121841}.Debug|Any CPU.Build.0 = Debug|Any CPU
		{344F3B86-2633-45C7-B848-0ED1F5121841}.Debug|x64.ActiveCfg = Debug|Any CPU
		{344F3B86-2633-45C7-B848-0ED1F5121841}.Debug|x64.Build.0 = Debug|Any CPU
		{344F3B86-2633-45C7-B848-0ED1F5121841}.Debug|x86.ActiveCfg = Debug|Any CPU
		{344F3B86-2633-45C7-B848-0ED1F5121841}.Debug|x86.Build.0 = Debug|Any CPU
		{344F3B86-2633-45C7-B848-0ED1F5121841}.Release|Any CPU.ActiveCfg = Release|Any CPU
		{344F3B86-2633-45C7-B848-0ED1F5121841}.Release|Any CPU.Build.0 = Release|Any CPU
		{344F3B86-2633-45C7-B848-0ED1F5121841}.Release|x64.ActiveCfg = Release|Any CPU
		{344F3B86-2633-45C7-B848-0ED1F5121841}.Release|x64.Build.0 = Release|Any CPU
		{344F3B86-2633-45C7-B848-0ED1F5121841}.Release|x86.ActiveCfg = Release|Any CPU
		{344F3B86-2633-45C7-B848-0ED1F5121841}.Release|x86.Build.0 = Release|Any CPU
		{BB92FB6E-96D6-4DEB-865E-7BD3753631F7}.Debug|Any CPU.ActiveCfg = Debug|Any CPU
		{BB92FB6E-96D6-4DEB-865E-7BD3753631F7}.Debug|Any CPU.Build.0 = Debug|Any CPU
		{BB92FB6E-96D6-4DEB-865E-7BD3753631F7}.Debug|x64.ActiveCfg = Debug|Any CPU
		{BB92FB6E-96D6-4DEB-865E-7BD3753631F7}.Debug|x64.Build.0 = Debug|Any CPU
		{BB92FB6E-96D6-4DEB-865E-7BD3753631F7}.Debug|x86.ActiveCfg = Debug|Any CPU
		{BB92FB6E-96D6-4DEB-865E-7BD3753631F7}.Debug|x86.Build.0 = Debug|Any CPU
		{BB92FB6E-96D6-4DEB-865E-7BD3753631F7}.Release|Any CPU.ActiveCfg = Release|Any CPU
		{BB92FB6E-96D6-4DEB-865E-7BD3753631F7}.Release|Any CPU.Build.0 = Release|Any CPU
		{BB92FB6E-96D6-4DEB-865E-7BD3753631F7}.Release|x64.ActiveCfg = Release|Any CPU
		{BB92FB6E-96D6-4DEB-865E-7BD3753631F7}.Release|x64.Build.0 = Release|Any CPU
		{BB92FB6E-96D6-4DEB-865E-7BD3753631F7}.Release|x86.ActiveCfg = Release|Any CPU
		{BB92FB6E-96D6-4DEB-865E-7BD3753631F7}.Release|x86.Build.0 = Release|Any CPU
		{1BE02A07-F064-4A11-8D35-22F57B3CE4D7}.Debug|Any CPU.ActiveCfg = Debug|Any CPU
		{1BE02A07-F064-4A11-8D35-22F57B3CE4D7}.Debug|Any CPU.Build.0 = Debug|Any CPU
		{1BE02A07-F064-4A11-8D35-22F57B3CE4D7}.Debug|x64.ActiveCfg = Debug|Any CPU
		{1BE02A07-F064-4A11-8D35-22F57B3CE4D7}.Debug|x64.Build.0 = Debug|Any CPU
		{1BE02A07-F064-4A11-8D35-22F57B3CE4D7}.Debug|x86.ActiveCfg = Debug|Any CPU
		{1BE02A07-F064-4A11-8D35-22F57B3CE4D7}.Debug|x86.Build.0 = Debug|Any CPU
		{1BE02A07-F064-4A11-8D35-22F57B3CE4D7}.Release|Any CPU.ActiveCfg = Release|Any CPU
		{1BE02A07-F064-4A11-8D35-22F57B3CE4D7}.Release|Any CPU.Build.0 = Release|Any CPU
		{1BE02A07-F064-4A11-8D35-22F57B3CE4D7}.Release|x64.ActiveCfg = Release|Any CPU
		{1BE02A07-F064-4A11-8D35-22F57B3CE4D7}.Release|x64.Build.0 = Release|Any CPU
		{1BE02A07-F064-4A11-8D35-22F57B3CE4D7}.Release|x86.ActiveCfg = Release|Any CPU
		{1BE02A07-F064-4A11-8D35-22F57B3CE4D7}.Release|x86.Build.0 = Release|Any CPU
		{D2B99DA2-D444-438E-8867-1589F4BCA4D1}.Debug|Any CPU.ActiveCfg = Debug|Any CPU
		{D2B99DA2-D444-438E-8867-1589F4BCA4D1}.Debug|Any CPU.Build.0 = Debug|Any CPU
		{D2B99DA2-D444-438E-8867-1589F4BCA4D1}.Debug|x64.ActiveCfg = Debug|Any CPU
		{D2B99DA2-D444-438E-8867-1589F4BCA4D1}.Debug|x64.Build.0 = Debug|Any CPU
		{D2B99DA2-D444-438E-8867-1589F4BCA4D1}.Debug|x86.ActiveCfg = Debug|Any CPU
		{D2B99DA2-D444-438E-8867-1589F4BCA4D1}.Debug|x86.Build.0 = Debug|Any CPU
		{D2B99DA2-D444-438E-8867-1589F4BCA4D1}.Release|Any CPU.ActiveCfg = Release|Any CPU
		{D2B99DA2-D444-438E-8867-1589F4BCA4D1}.Release|Any CPU.Build.0 = Release|Any CPU
		{D2B99DA2-D444-438E-8867-1589F4BCA4D1}.Release|x64.ActiveCfg = Release|Any CPU
		{D2B99DA2-D444-438E-8867-1589F4BCA4D1}.Release|x64.Build.0 = Release|Any CPU
		{D2B99DA2-D444-438E-8867-1589F4BCA4D1}.Release|x86.ActiveCfg = Release|Any CPU
		{D2B99DA2-D444-438E-8867-1589F4BCA4D1}.Release|x86.Build.0 = Release|Any CPU
	EndGlobalSection
	GlobalSection(SolutionProperties) = preSolution
		HideSolutionNode = FALSE
	EndGlobalSection
	GlobalSection(NestedProjects) = preSolution
		{DB2ABC23-640D-4902-B58D-7124CD42628E} = {D9458B12-9702-40BF-94AE-9A6317D9855A}
		{ADB56EB7-F348-4A1B-B0F5-DD410A317613} = {E3577135-9A2F-421E-A2F7-70C1C37F5A85}
		{86D0C552-4D5B-4944-BBFA-760711CDED98} = {A5E20526-05EB-48DF-881D-D73561409ED1}
		{3B8FAF6F-3E3F-4B13-90A7-C2B91D44D9E3} = {6C743BB2-87D9-4E3B-9F65-AEE3247C4979}
		{344F3B86-2633-45C7-B848-0ED1F5121841} = {6C743BB2-87D9-4E3B-9F65-AEE3247C4979}
		{BB92FB6E-96D6-4DEB-865E-7BD3753631F7} = {6C743BB2-87D9-4E3B-9F65-AEE3247C4979}
		{1BE02A07-F064-4A11-8D35-22F57B3CE4D7} = {A5E20526-05EB-48DF-881D-D73561409ED1}
		{D2B99DA2-D444-438E-8867-1589F4BCA4D1} = {E3577135-9A2F-421E-A2F7-70C1C37F5A85}
	EndGlobalSection
	GlobalSection(ExtensibilityGlobals) = postSolution
		SolutionGuid = {105B101F-26C3-434F-8622-D2555B5EB0F3}
	EndGlobalSection
EndGlobal
